// !$*UTF8*$!
{
	archiveVersion = 1;
	classes = {
	};
	objectVersion = 50;
	objects = {

/* Begin PBXBuildFile section */
		B06538C0250AD67A0078BA72 /* AppDelegate.swift in Sources */ = {isa = PBXBuildFile; fileRef = B06538BF250AD67A0078BA72 /* AppDelegate.swift */; };
		B06538C2250AD67A0078BA72 /* SceneDelegate.swift in Sources */ = {isa = PBXBuildFile; fileRef = B06538C1250AD67A0078BA72 /* SceneDelegate.swift */; };
		B06538C4250AD67A0078BA72 /* ViewController.swift in Sources */ = {isa = PBXBuildFile; fileRef = B06538C3250AD67A0078BA72 /* ViewController.swift */; };
		B06538C7250AD67A0078BA72 /* Main.storyboard in Resources */ = {isa = PBXBuildFile; fileRef = B06538C5250AD67A0078BA72 /* Main.storyboard */; };
		B06538C9250AD67D0078BA72 /* Assets.xcassets in Resources */ = {isa = PBXBuildFile; fileRef = B06538C8250AD67D0078BA72 /* Assets.xcassets */; };
		B06538CC250AD67D0078BA72 /* LaunchScreen.storyboard in Resources */ = {isa = PBXBuildFile; fileRef = B06538CA250AD67D0078BA72 /* LaunchScreen.storyboard */; };
		B06538D7250AD67D0078BA72 /* app0_zhang_allisonTests.swift in Sources */ = {isa = PBXBuildFile; fileRef = B06538D6250AD67D0078BA72 /* app0_zhang_allisonTests.swift */; };
		B06538E2250AD67D0078BA72 /* app0_zhang_allisonUITests.swift in Sources */ = {isa = PBXBuildFile; fileRef = B06538E1250AD67D0078BA72 /* app0_zhang_allisonUITests.swift */; };
/* End PBXBuildFile section */

/* Begin PBXContainerItemProxy section */
		B06538D3250AD67D0078BA72 /* PBXContainerItemProxy */ = {
			isa = PBXContainerItemProxy;
			containerPortal = B06538B4250AD6790078BA72 /* Project object */;
			proxyType = 1;
			remoteGlobalIDString = B06538BB250AD67A0078BA72;
			remoteInfo = app0_zhang_allison;
		};
		B06538DE250AD67D0078BA72 /* PBXContainerItemProxy */ = {
			isa = PBXContainerItemProxy;
			containerPortal = B06538B4250AD6790078BA72 /* Project object */;
			proxyType = 1;
			remoteGlobalIDString = B06538BB250AD67A0078BA72;
			remoteInfo = app0_zhang_allison;
		};
/* End PBXContainerItemProxy section */

/* Begin PBXFileReference section */
		B06538BC250AD67A0078BA72 /* app0_zhang_allison.app */ = {isa = PBXFileReference; explicitFileType = wrapper.application; includeInIndex = 0; path = app0_zhang_allison.app; sourceTree = BUILT_PRODUCTS_DIR; };
		B06538BF250AD67A0078BA72 /* AppDelegate.swift */ = {isa = PBXFileReference; lastKnownFileType = sourcecode.swift; path = AppDelegate.swift; sourceTree = "<group>"; };
		B06538C1250AD67A0078BA72 /* SceneDelegate.swift */ = {isa = PBXFileReference; lastKnownFileType = sourcecode.swift; path = SceneDelegate.swift; sourceTree = "<group>"; };
		B06538C3250AD67A0078BA72 /* ViewController.swift */ = {isa = PBXFileReference; lastKnownFileType = sourcecode.swift; path = ViewController.swift; sourceTree = "<group>"; };
		B06538C6250AD67A0078BA72 /* Base */ = {isa = PBXFileReference; lastKnownFileType = file.storyboard; name = Base; path = Base.lproj/Main.storyboard; sourceTree = "<group>"; };
		B06538C8250AD67D0078BA72 /* Assets.xcassets */ = {isa = PBXFileReference; lastKnownFileType = folder.assetcatalog; path = Assets.xcassets; sourceTree = "<group>"; };
		B06538CB250AD67D0078BA72 /* Base */ = {isa = PBXFileReference; lastKnownFileType = file.storyboard; name = Base; path = Base.lproj/LaunchScreen.storyboard; sourceTree = "<group>"; };
		B06538CD250AD67D0078BA72 /* Info.plist */ = {isa = PBXFileReference; lastKnownFileType = text.plist.xml; path = Info.plist; sourceTree = "<group>"; };
		B06538D2250AD67D0078BA72 /* app0_zhang_allisonTests.xctest */ = {isa = PBXFileReference; explicitFileType = wrapper.cfbundle; includeInIndex = 0; path = app0_zhang_allisonTests.xctest; sourceTree = BUILT_PRODUCTS_DIR; };
		B06538D6250AD67D0078BA72 /* app0_zhang_allisonTests.swift */ = {isa = PBXFileReference; lastKnownFileType = sourcecode.swift; path = app0_zhang_allisonTests.swift; sourceTree = "<group>"; };
		B06538D8250AD67D0078BA72 /* Info.plist */ = {isa = PBXFileReference; lastKnownFileType = text.plist.xml; path = Info.plist; sourceTree = "<group>"; };
		B06538DD250AD67D0078BA72 /* app0_zhang_allisonUITests.xctest */ = {isa = PBXFileReference; explicitFileType = wrapper.cfbundle; includeInIndex = 0; path = app0_zhang_allisonUITests.xctest; sourceTree = BUILT_PRODUCTS_DIR; };
		B06538E1250AD67D0078BA72 /* app0_zhang_allisonUITests.swift */ = {isa = PBXFileReference; lastKnownFileType = sourcecode.swift; path = app0_zhang_allisonUITests.swift; sourceTree = "<group>"; };
		B06538E3250AD67D0078BA72 /* Info.plist */ = {isa = PBXFileReference; lastKnownFileType = text.plist.xml; path = Info.plist; sourceTree = "<group>"; };
/* End PBXFileReference section */

/* Begin PBXFrameworksBuildPhase section */
		B06538B9250AD67A0078BA72 /* Frameworks */ = {
			isa = PBXFrameworksBuildPhase;
			buildActionMask = 2147483647;
			files = (
			);
			runOnlyForDeploymentPostprocessing = 0;
		};
		B06538CF250AD67D0078BA72 /* Frameworks */ = {
			isa = PBXFrameworksBuildPhase;
			buildActionMask = 2147483647;
			files = (
			);
			runOnlyForDeploymentPostprocessing = 0;
		};
		B06538DA250AD67D0078BA72 /* Frameworks */ = {
			isa = PBXFrameworksBuildPhase;
			buildActionMask = 2147483647;
			files = (
			);
			runOnlyForDeploymentPostprocessing = 0;
		};
/* End PBXFrameworksBuildPhase section */

/* Begin PBXGroup section */
		B06538B3250AD6790078BA72 = {
			isa = PBXGroup;
			children = (
				B06538BE250AD67A0078BA72 /* app0_zhang_allison */,
				B06538D5250AD67D0078BA72 /* app0_zhang_allisonTests */,
				B06538E0250AD67D0078BA72 /* app0_zhang_allisonUITests */,
				B06538BD250AD67A0078BA72 /* Products */,
			);
			sourceTree = "<group>";
		};
		B06538BD250AD67A0078BA72 /* Products */ = {
			isa = PBXGroup;
			children = (
				B06538BC250AD67A0078BA72 /* app0_zhang_allison.app */,
				B06538D2250AD67D0078BA72 /* app0_zhang_allisonTests.xctest */,
				B06538DD250AD67D0078BA72 /* app0_zhang_allisonUITests.xctest */,
			);
			name = Products;
			sourceTree = "<group>";
		};
		B06538BE250AD67A0078BA72 /* app0_zhang_allison */ = {
			isa = PBXGroup;
			children = (
				B06538BF250AD67A0078BA72 /* AppDelegate.swift */,
				B06538C1250AD67A0078BA72 /* SceneDelegate.swift */,
				B06538C3250AD67A0078BA72 /* ViewController.swift */,
				B06538C5250AD67A0078BA72 /* Main.storyboard */,
				B06538C8250AD67D0078BA72 /* Assets.xcassets */,
				B06538CA250AD67D0078BA72 /* LaunchScreen.storyboard */,
				B06538CD250AD67D0078BA72 /* Info.plist */,
			);
			path = app0_zhang_allison;
			sourceTree = "<group>";
		};
		B06538D5250AD67D0078BA72 /* app0_zhang_allisonTests */ = {
			isa = PBXGroup;
			children = (
				B06538D6250AD67D0078BA72 /* app0_zhang_allisonTests.swift */,
				B06538D8250AD67D0078BA72 /* Info.plist */,
			);
			path = app0_zhang_allisonTests;
			sourceTree = "<group>";
		};
		B06538E0250AD67D0078BA72 /* app0_zhang_allisonUITests */ = {
			isa = PBXGroup;
			children = (
				B06538E1250AD67D0078BA72 /* app0_zhang_allisonUITests.swift */,
				B06538E3250AD67D0078BA72 /* Info.plist */,
			);
			path = app0_zhang_allisonUITests;
			sourceTree = "<group>";
		};
/* End PBXGroup section */

/* Begin PBXNativeTarget section */
		B06538BB250AD67A0078BA72 /* app0_zhang_allison */ = {
			isa = PBXNativeTarget;
			buildConfigurationList = B06538E6250AD67D0078BA72 /* Build configuration list for PBXNativeTarget "app0_zhang_allison" */;
			buildPhases = (
				B06538B8250AD67A0078BA72 /* Sources */,
				B06538B9250AD67A0078BA72 /* Frameworks */,
				B06538BA250AD67A0078BA72 /* Resources */,
			);
			buildRules = (
			);
			dependencies = (
			);
			name = app0_zhang_allison;
			productName = app0_zhang_allison;
			productReference = B06538BC250AD67A0078BA72 /* app0_zhang_allison.app */;
			productType = "com.apple.product-type.application";
		};
		B06538D1250AD67D0078BA72 /* app0_zhang_allisonTests */ = {
			isa = PBXNativeTarget;
			buildConfigurationList = B06538E9250AD67D0078BA72 /* Build configuration list for PBXNativeTarget "app0_zhang_allisonTests" */;
			buildPhases = (
				B06538CE250AD67D0078BA72 /* Sources */,
				B06538CF250AD67D0078BA72 /* Frameworks */,
				B06538D0250AD67D0078BA72 /* Resources */,
			);
			buildRules = (
			);
			dependencies = (
				B06538D4250AD67D0078BA72 /* PBXTargetDependency */,
			);
			name = app0_zhang_allisonTests;
			productName = app0_zhang_allisonTests;
			productReference = B06538D2250AD67D0078BA72 /* app0_zhang_allisonTests.xctest */;
			productType = "com.apple.product-type.bundle.unit-test";
		};
		B06538DC250AD67D0078BA72 /* app0_zhang_allisonUITests */ = {
			isa = PBXNativeTarget;
			buildConfigurationList = B06538EC250AD67D0078BA72 /* Build configuration list for PBXNativeTarget "app0_zhang_allisonUITests" */;
			buildPhases = (
				B06538D9250AD67D0078BA72 /* Sources */,
				B06538DA250AD67D0078BA72 /* Frameworks */,
				B06538DB250AD67D0078BA72 /* Resources */,
			);
			buildRules = (
			);
			dependencies = (
				B06538DF250AD67D0078BA72 /* PBXTargetDependency */,
			);
			name = app0_zhang_allisonUITests;
			productName = app0_zhang_allisonUITests;
			productReference = B06538DD250AD67D0078BA72 /* app0_zhang_allisonUITests.xctest */;
			productType = "com.apple.product-type.bundle.ui-testing";
		};
/* End PBXNativeTarget section */

/* Begin PBXProject section */
		B06538B4250AD6790078BA72 /* Project object */ = {
			isa = PBXProject;
			attributes = {
				LastSwiftUpdateCheck = 1170;
				LastUpgradeCheck = 1170;
				ORGANIZATIONNAME = "Ally Zhang";
				TargetAttributes = {
					B06538BB250AD67A0078BA72 = {
						CreatedOnToolsVersion = 11.7;
					};
					B06538D1250AD67D0078BA72 = {
						CreatedOnToolsVersion = 11.7;
						TestTargetID = B06538BB250AD67A0078BA72;
					};
					B06538DC250AD67D0078BA72 = {
						CreatedOnToolsVersion = 11.7;
						TestTargetID = B06538BB250AD67A0078BA72;
					};
				};
			};
			buildConfigurationList = B06538B7250AD6790078BA72 /* Build configuration list for PBXProject "app0_zhang_allison" */;
			compatibilityVersion = "Xcode 9.3";
			developmentRegion = en;
			hasScannedForEncodings = 0;
			knownRegions = (
				en,
				Base,
			);
			mainGroup = B06538B3250AD6790078BA72;
			productRefGroup = B06538BD250AD67A0078BA72 /* Products */;
			projectDirPath = "";
			projectRoot = "";
			targets = (
				B06538BB250AD67A0078BA72 /* app0_zhang_allison */,
				B06538D1250AD67D0078BA72 /* app0_zhang_allisonTests */,
				B06538DC250AD67D0078BA72 /* app0_zhang_allisonUITests */,
			);
		};
/* End PBXProject section */

/* Begin PBXResourcesBuildPhase section */
		B06538BA250AD67A0078BA72 /* Resources */ = {
			isa = PBXResourcesBuildPhase;
			buildActionMask = 2147483647;
			files = (
				B06538CC250AD67D0078BA72 /* LaunchScreen.storyboard in Resources */,
				B06538C9250AD67D0078BA72 /* Assets.xcassets in Resources */,
				B06538C7250AD67A0078BA72 /* Main.storyboard in Resources */,
			);
			runOnlyForDeploymentPostprocessing = 0;
		};
		B06538D0250AD67D0078BA72 /* Resources */ = {
			isa = PBXResourcesBuildPhase;
			buildActionMask = 2147483647;
			files = (
			);
			runOnlyForDeploymentPostprocessing = 0;
		};
		B06538DB250AD67D0078BA72 /* Resources */ = {
			isa = PBXResourcesBuildPhase;
			buildActionMask = 2147483647;
			files = (
			);
			runOnlyForDeploymentPostprocessing = 0;
		};
/* End PBXResourcesBuildPhase section */

/* Begin PBXSourcesBuildPhase section */
		B06538B8250AD67A0078BA72 /* Sources */ = {
			isa = PBXSourcesBuildPhase;
			buildActionMask = 2147483647;
			files = (
				B06538C4250AD67A0078BA72 /* ViewController.swift in Sources */,
				B06538C0250AD67A0078BA72 /* AppDelegate.swift in Sources */,
				B06538C2250AD67A0078BA72 /* SceneDelegate.swift in Sources */,
			);
			runOnlyForDeploymentPostprocessing = 0;
		};
		B06538CE250AD67D0078BA72 /* Sources */ = {
			isa = PBXSourcesBuildPhase;
			buildActionMask = 2147483647;
			files = (
				B06538D7250AD67D0078BA72 /* app0_zhang_allisonTests.swift in Sources */,
			);
			runOnlyForDeploymentPostprocessing = 0;
		};
		B06538D9250AD67D0078BA72 /* Sources */ = {
			isa = PBXSourcesBuildPhase;
			buildActionMask = 2147483647;
			files = (
				B06538E2250AD67D0078BA72 /* app0_zhang_allisonUITests.swift in Sources */,
			);
			runOnlyForDeploymentPostprocessing = 0;
		};
/* End PBXSourcesBuildPhase section */

/* Begin PBXTargetDependency section */
		B06538D4250AD67D0078BA72 /* PBXTargetDependency */ = {
			isa = PBXTargetDependency;
			target = B06538BB250AD67A0078BA72 /* app0_zhang_allison */;
			targetProxy = B06538D3250AD67D0078BA72 /* PBXContainerItemProxy */;
		};
		B06538DF250AD67D0078BA72 /* PBXTargetDependency */ = {
			isa = PBXTargetDependency;
			target = B06538BB250AD67A0078BA72 /* app0_zhang_allison */;
			targetProxy = B06538DE250AD67D0078BA72 /* PBXContainerItemProxy */;
		};
/* End PBXTargetDependency section */

/* Begin PBXVariantGroup section */
		B06538C5250AD67A0078BA72 /* Main.storyboard */ = {
			isa = PBXVariantGroup;
			children = (
				B06538C6250AD67A0078BA72 /* Base */,
			);
			name = Main.storyboard;
			sourceTree = "<group>";
		};
		B06538CA250AD67D0078BA72 /* LaunchScreen.storyboard */ = {
			isa = PBXVariantGroup;
			children = (
				B06538CB250AD67D0078BA72 /* Base */,
			);
			name = LaunchScreen.storyboard;
			sourceTree = "<group>";
		};
/* End PBXVariantGroup section */

/* Begin XCBuildConfiguration section */
		B06538E4250AD67D0078BA72 /* Debug */ = {
			isa = XCBuildConfiguration;
			buildSettings = {
				ALWAYS_SEARCH_USER_PATHS = NO;
				CLANG_ANALYZER_NONNULL = YES;
				CLANG_ANALYZER_NUMBER_OBJECT_CONVERSION = YES_AGGRESSIVE;
				CLANG_CXX_LANGUAGE_STANDARD = "gnu++14";
				CLANG_CXX_LIBRARY = "libc++";
				CLANG_ENABLE_MODULES = YES;
				CLANG_ENABLE_OBJC_ARC = YES;
				CLANG_ENABLE_OBJC_WEAK = YES;
				CLANG_WARN_BLOCK_CAPTURE_AUTORELEASING = YES;
				CLANG_WARN_BOOL_CONVERSION = YES;
				CLANG_WARN_COMMA = YES;
				CLANG_WARN_CONSTANT_CONVERSION = YES;
				CLANG_WARN_DEPRECATED_OBJC_IMPLEMENTATIONS = YES;
				CLANG_WARN_DIRECT_OBJC_ISA_USAGE = YES_ERROR;
				CLANG_WARN_DOCUMENTATION_COMMENTS = YES;
				CLANG_WARN_EMPTY_BODY = YES;
				CLANG_WARN_ENUM_CONVERSION = YES;
				CLANG_WARN_INFINITE_RECURSION = YES;
				CLANG_WARN_INT_CONVERSION = YES;
				CLANG_WARN_NON_LITERAL_NULL_CONVERSION = YES;
				CLANG_WARN_OBJC_IMPLICIT_RETAIN_SELF = YES;
				CLANG_WARN_OBJC_LITERAL_CONVERSION = YES;
				CLANG_WARN_OBJC_ROOT_CLASS = YES_ERROR;
				CLANG_WARN_RANGE_LOOP_ANALYSIS = YES;
				CLANG_WARN_STRICT_PROTOTYPES = YES;
				CLANG_WARN_SUSPICIOUS_MOVE = YES;
				CLANG_WARN_UNGUARDED_AVAILABILITY = YES_AGGRESSIVE;
				CLANG_WARN_UNREACHABLE_CODE = YES;
				CLANG_WARN__DUPLICATE_METHOD_MATCH = YES;
				COPY_PHASE_STRIP = NO;
				DEBUG_INFORMATION_FORMAT = dwarf;
				ENABLE_STRICT_OBJC_MSGSEND = YES;
				ENABLE_TESTABILITY = YES;
				GCC_C_LANGUAGE_STANDARD = gnu11;
				GCC_DYNAMIC_NO_PIC = NO;
				GCC_NO_COMMON_BLOCKS = YES;
				GCC_OPTIMIZATION_LEVEL = 0;
				GCC_PREPROCESSOR_DEFINITIONS = (
					"DEBUG=1",
					"$(inherited)",
				);
				GCC_WARN_64_TO_32_BIT_CONVERSION = YES;
				GCC_WARN_ABOUT_RETURN_TYPE = YES_ERROR;
				GCC_WARN_UNDECLARED_SELECTOR = YES;
				GCC_WARN_UNINITIALIZED_AUTOS = YES_AGGRESSIVE;
				GCC_WARN_UNUSED_FUNCTION = YES;
				GCC_WARN_UNUSED_VARIABLE = YES;
				IPHONEOS_DEPLOYMENT_TARGET = 13.7;
				MTL_ENABLE_DEBUG_INFO = INCLUDE_SOURCE;
				MTL_FAST_MATH = YES;
				ONLY_ACTIVE_ARCH = YES;
				SDKROOT = iphoneos;
				SWIFT_ACTIVE_COMPILATION_CONDITIONS = DEBUG;
				SWIFT_OPTIMIZATION_LEVEL = "-Onone";
			};
			name = Debug;
		};
		B06538E5250AD67D0078BA72 /* Release */ = {
			isa = XCBuildConfiguration;
			buildSettings = {
				ALWAYS_SEARCH_USER_PATHS = NO;
				CLANG_ANALYZER_NONNULL = YES;
				CLANG_ANALYZER_NUMBER_OBJECT_CONVERSION = YES_AGGRESSIVE;
				CLANG_CXX_LANGUAGE_STANDARD = "gnu++14";
				CLANG_CXX_LIBRARY = "libc++";
				CLANG_ENABLE_MODULES = YES;
				CLANG_ENABLE_OBJC_ARC = YES;
				CLANG_ENABLE_OBJC_WEAK = YES;
				CLANG_WARN_BLOCK_CAPTURE_AUTORELEASING = YES;
				CLANG_WARN_BOOL_CONVERSION = YES;
				CLANG_WARN_COMMA = YES;
				CLANG_WARN_CONSTANT_CONVERSION = YES;
				CLANG_WARN_DEPRECATED_OBJC_IMPLEMENTATIONS = YES;
				CLANG_WARN_DIRECT_OBJC_ISA_USAGE = YES_ERROR;
				CLANG_WARN_DOCUMENTATION_COMMENTS = YES;
				CLANG_WARN_EMPTY_BODY = YES;
				CLANG_WARN_ENUM_CONVERSION = YES;
				CLANG_WARN_INFINITE_RECURSION = YES;
				CLANG_WARN_INT_CONVERSION = YES;
				CLANG_WARN_NON_LITERAL_NULL_CONVERSION = YES;
				CLANG_WARN_OBJC_IMPLICIT_RETAIN_SELF = YES;
				CLANG_WARN_OBJC_LITERAL_CONVERSION = YES;
				CLANG_WARN_OBJC_ROOT_CLASS = YES_ERROR;
				CLANG_WARN_RANGE_LOOP_ANALYSIS = YES;
				CLANG_WARN_STRICT_PROTOTYPES = YES;
				CLANG_WARN_SUSPICIOUS_MOVE = YES;
				CLANG_WARN_UNGUARDED_AVAILABILITY = YES_AGGRESSIVE;
				CLANG_WARN_UNREACHABLE_CODE = YES;
				CLANG_WARN__DUPLICATE_METHOD_MATCH = YES;
				COPY_PHASE_STRIP = NO;
				DEBUG_INFORMATION_FORMAT = "dwarf-with-dsym";
				ENABLE_NS_ASSERTIONS = NO;
				ENABLE_STRICT_OBJC_MSGSEND = YES;
				GCC_C_LANGUAGE_STANDARD = gnu11;
				GCC_NO_COMMON_BLOCKS = YES;
				GCC_WARN_64_TO_32_BIT_CONVERSION = YES;
				GCC_WARN_ABOUT_RETURN_TYPE = YES_ERROR;
				GCC_WARN_UNDECLARED_SELECTOR = YES;
				GCC_WARN_UNINITIALIZED_AUTOS = YES_AGGRESSIVE;
				GCC_WARN_UNUSED_FUNCTION = YES;
				GCC_WARN_UNUSED_VARIABLE = YES;
				IPHONEOS_DEPLOYMENT_TARGET = 13.7;
				MTL_ENABLE_DEBUG_INFO = NO;
				MTL_FAST_MATH = YES;
				SDKROOT = iphoneos;
				SWIFT_COMPILATION_MODE = wholemodule;
				SWIFT_OPTIMIZATION_LEVEL = "-O";
				VALIDATE_PRODUCT = YES;
			};
			name = Release;
		};
		B06538E7250AD67D0078BA72 /* Debug */ = {
			isa = XCBuildConfiguration;
			buildSettings = {
				ASSETCATALOG_COMPILER_APPICON_NAME = AppIcon;
				CODE_SIGN_STYLE = Automatic;
				INFOPLIST_FILE = app0_zhang_allison/Info.plist;
				LD_RUNPATH_SEARCH_PATHS = (
					"$(inherited)",
					"@executable_path/Frameworks",
				);
				PRODUCT_BUNDLE_IDENTIFIER = "com.Ally.app0-zhang-allison";
				PRODUCT_NAME = "$(TARGET_NAME)";
				SWIFT_VERSION = 5.0;
				TARGETED_DEVICE_FAMILY = "1,2";
			};
			name = Debug;
		};
		B06538E8250AD67D0078BA72 /* Release */ = {
			isa = XCBuildConfiguration;
			buildSettings = {
				ASSETCATALOG_COMPILER_APPICON_NAME = AppIcon;
				CODE_SIGN_STYLE = Automatic;
				INFOPLIST_FILE = app0_zhang_allison/Info.plist;
				LD_RUNPATH_SEARCH_PATHS = (
					"$(inherited)",
					"@executable_path/Frameworks",
				);
				PRODUCT_BUNDLE_IDENTIFIER = "com.Ally.app0-zhang-allison";
				PRODUCT_NAME = "$(TARGET_NAME)";
				SWIFT_VERSION = 5.0;
				TARGETED_DEVICE_FAMILY = "1,2";
			};
			name = Release;
		};
		B06538EA250AD67D0078BA72 /* Debug */ = {
			isa = XCBuildConfiguration;
			buildSettings = {
				ALWAYS_EMBED_SWIFT_STANDARD_LIBRARIES = YES;
				BUNDLE_LOADER = "$(TEST_HOST)";
				CODE_SIGN_STYLE = Automatic;
				INFOPLIST_FILE = app0_zhang_allisonTests/Info.plist;
				IPHONEOS_DEPLOYMENT_TARGET = 13.7;
				LD_RUNPATH_SEARCH_PATHS = (
					"$(inherited)",
					"@executable_path/Frameworks",
					"@loader_path/Frameworks",
				);
				PRODUCT_BUNDLE_IDENTIFIER = "com.Ally.app0-zhang-allisonTests";
				PRODUCT_NAME = "$(TARGET_NAME)";
				SWIFT_VERSION = 5.0;
				TARGETED_DEVICE_FAMILY = "1,2";
				TEST_HOST = "$(BUILT_PRODUCTS_DIR)/app0_zhang_allison.app/app0_zhang_allison";
			};
			name = Debug;
		};
		B06538EB250AD67D0078BA72 /* Release */ = {
			isa = XCBuildConfiguration;
			buildSettings = {
				ALWAYS_EMBED_SWIFT_STANDARD_LIBRARIES = YES;
				BUNDLE_LOADER = "$(TEST_HOST)";
				CODE_SIGN_STYLE = Automatic;
				INFOPLIST_FILE = app0_zhang_allisonTests/Info.plist;
				IPHONEOS_DEPLOYMENT_TARGET = 13.7;
				LD_RUNPATH_SEARCH_PATHS = (
					"$(inherited)",
					"@executable_path/Frameworks",
					"@loader_path/Frameworks",
				);
				PRODUCT_BUNDLE_IDENTIFIER = "com.Ally.app0-zhang-allisonTests";
				PRODUCT_NAME = "$(TARGET_NAME)";
				SWIFT_VERSION = 5.0;
				TARGETED_DEVICE_FAMILY = "1,2";
				TEST_HOST = "$(BUILT_PRODUCTS_DIR)/app0_zhang_allison.app/app0_zhang_allison";
			};
			name = Release;
		};
		B06538ED250AD67D0078BA72 /* Debug */ = {
			isa = XCBuildConfiguration;
			buildSettings = {
				ALWAYS_EMBED_SWIFT_STANDARD_LIBRARIES = YES;
				CODE_SIGN_STYLE = Automatic;
				INFOPLIST_FILE = app0_zhang_allisonUITests/Info.plist;
				LD_RUNPATH_SEARCH_PATHS = (
					"$(inherited)",
					"@executable_path/Frameworks",
					"@loader_path/Frameworks",
				);
				PRODUCT_BUNDLE_IDENTIFIER = "com.Ally.app0-zhang-allisonUITests";
				PRODUCT_NAME = "$(TARGET_NAME)";
				SWIFT_VERSION = 5.0;
				TARGETED_DEVICE_FAMILY = "1,2";
				TEST_TARGET_NAME = app0_zhang_allison;
			};
			name = Debug;
		};
		B06538EE250AD67D0078BA72 /* Release */ = {
			isa = XCBuildConfiguration;
			buildSettings = {
				ALWAYS_EMBED_SWIFT_STANDARD_LIBRARIES = YES;
				CODE_SIGN_STYLE = Automatic;
				INFOPLIST_FILE = app0_zhang_allisonUITests/Info.plist;
				LD_RUNPATH_SEARCH_PATHS = (
					"$(inherited)",
					"@executable_path/Frameworks",
					"@loader_path/Frameworks",
				);
				PRODUCT_BUNDLE_IDENTIFIER = "com.Ally.app0-zhang-allisonUITests";
				PRODUCT_NAME = "$(TARGET_NAME)";
				SWIFT_VERSION = 5.0;
				TARGETED_DEVICE_FAMILY = "1,2";
				TEST_TARGET_NAME = app0_zhang_allison;
			};
			name = Release;
		};
/* End XCBuildConfiguration section */

/* Begin XCConfigurationList section */
		B06538B7250AD6790078BA72 /* Build configuration list for PBXProject "app0_zhang_allison" */ = {
			isa = XCConfigurationList;
			buildConfigurations = (
				B06538E4250AD67D0078BA72 /* Debug */,
				B06538E5250AD67D0078BA72 /* Release */,
			);
			defaultConfigurationIsVisible = 0;
			defaultConfigurationName = Release;
		};
		B06538E6250AD67D0078BA72 /* Build configuration list for PBXNativeTarget "app0_zhang_allison" */ = {
			isa = XCConfigurationList;
			buildConfigurations = (
				B06538E7250AD67D0078BA72 /* Debug */,
				B06538E8250AD67D0078BA72 /* Release */,
			);
			defaultConfigurationIsVisible = 0;
			defaultConfigurationName = Release;
		};
		B06538E9250AD67D0078BA72 /* Build configuration list for PBXNativeTarget "app0_zhang_allisonTests" */ = {
			isa = XCConfigurationList;
			buildConfigurations = (
				B06538EA250AD67D0078BA72 /* Debug */,
				B06538EB250AD67D0078BA72 /* Release */,
			);
			defaultConfigurationIsVisible = 0;
			defaultConfigurationName = Release;
		};
		B06538EC250AD67D0078BA72 /* Build configuration list for PBXNativeTarget "app0_zhang_allisonUITests" */ = {
			isa = XCConfigurationList;
			buildConfigurations = (
				B06538ED250AD67D0078BA72 /* Debug */,
				B06538EE250AD67D0078BA72 /* Release */,
			);
			defaultConfigurationIsVisible = 0;
			defaultConfigurationName = Release;
		};
/* End XCConfigurationList section */
	};
	rootObject = B06538B4250AD6790078BA72 /* Project object */;
}
